{
  "name": "yurdunu-bil",
  "version": "63.1.0",
  "lockfileVersion": 3,
  "requires": true,
  "packages": {
    "": {
      "name": "yurdunu-bil",
      "version": "63.1.0",
      "dependencies": {
        "@supabase/ssr": "^0.12.5",
        "@supabase/supabase-js": "^2.115.0"
      }
    },
    "node_modules/@supabase/ssr": {"version":"0.12.6","resolved":"https://registry.npmjs.org/@supabase/ssr/-/ssr-0.12.6.tgz","integrity":"sha512-PLACEHOLDER"},
    "node_modules/@supabase/supabase-js": {"version":"2.115.0","resolved":"https://registry.npmjs.org/@supabase/supabase-js/-/supabase-js-2.115.0.tgz","integrity":"sha512-PLACEHOLDER"}
  }
}
