{
  "name": "yurdunu-bil",
  "version": "63.1.0",
  "lockfileVersion": 3,
  "requires": true,
  "packages": {
    "": {
      "name": "yurdunu-bil",
      "version": "63.1.0",
      "dependencies": {
        "@supabase/ssr": "^0.12.5",
        "@supabase/supabase-js": "^2.115.0"
      }
    }
  }
}
